
Microsoft Visual Studio Solution File, Format Version 12.00
# Visual Studio Version 17
VisualStudioVersion = 17.4.33103.184
MinimumVisualStudioVersion = 10.0.40219.1
Project("{FAE04EC0-301F-11D3-BF4B-00C04F79EFBC}") = "EntityFrameworkCodeFirstAPP", "EntityFrameworkCodeFirstAPP\EntityFrameworkCodeFirstAPP.csproj", "{5CF1F8FF-8CD8-4FAD-A3E7-4D5FD910AFEC}"
EndProject
Global
	GlobalSection(SolutionConfigurationPlatforms) = preSolution
		Debug|Any CPU = Debug|Any CPU
		Release|Any CPU = Release|Any CPU
	EndGlobalSection
	GlobalSection(ProjectConfigurationPlatforms) = postSolution
		{5CF1F8FF-8CD8-4FAD-A3E7-4D5FD910AFEC}.Debug|Any CPU.ActiveCfg = Debug|Any CPU
		{5CF1F8FF-8CD8-4FAD-A3E7-4D5FD910AFEC}.Debug|Any CPU.Build.0 = Debug|Any CPU
		{5CF1F8FF-8CD8-4FAD-A3E7-4D5FD910AFEC}.Release|Any CPU.ActiveCfg = Release|Any CPU
		{5CF1F8FF-8CD8-4FAD-A3E7-4D5FD910AFEC}.Release|Any CPU.Build.0 = Release|Any CPU
	EndGlobalSection
	GlobalSection(SolutionProperties) = preSolution
		HideSolutionNode = FALSE
	EndGlobalSection
	GlobalSection(ExtensibilityGlobals) = postSolution
		SolutionGuid = {3DAB6063-197C-4818-A05E-410518AE92E4}
	EndGlobalSection
EndGlobal
